PODS:
  - Alamofire (3.4.1)
  - AlamofireImage (2.4.0):
    - Alamofire (~> 3.3)
  - Bolts (1.7.0):
    - Bolts/AppLinks (= 1.7.0)
    - Bolts/Tasks (= 1.7.0)
  - Bolts/AppLinks (1.7.0):
    - Bolts/Tasks
  - Bolts/Tasks (1.7.0)
  - FBSDKCoreKit (4.13.1):
    - Bolts (~> 1.7)
  - FBSDKLoginKit (4.13.1):
    - FBSDKCoreKit
  - GoogleMaps (1.13.2)
  - SwiftyJSON (2.3.2)

DEPENDENCIES:
  - Alamofire
  - AlamofireImage
  - FBSDKCoreKit
  - FBSDKLoginKit
  - GoogleMaps
  - SwiftyJSON

SPEC CHECKSUMS:
  Alamofire: 01a82e2f6c0f860ade35534c8dd88be61bdef40c
  AlamofireImage: 87408b652e0f5ae5fe364035f15aea8b9b24c77e
  Bolts: a0058fa3b331c5a1e4402d534f2dae36dbff31e4
  FBSDKCoreKit: 2807fe0da2ddb49a1469da6d6ff597f99912980f
  FBSDKLoginKit: 6d350cb6a22d6956e9d078885de6ee8a0ebc51b4
  GoogleMaps: b20a103ff307f58392e603cf142e59d7e30374c1
  SwiftyJSON: 04ccea08915aa0109039157c7974cf0298da292a

PODFILE CHECKSUM: a7c8db1741b1d1b564ea46d326e202b5d0aabdad

COCOAPODS: 1.0.1
